
Microsoft Visual Studio Solution File, Format Version 12.00
# Visual Studio 15
VisualStudioVersion = 15.0.26730.15
MinimumVisualStudioVersion = 10.0.40219.1
Project("{9A19103F-16F7-4668-BE54-9A1E7A4F7556}") = "Converter.Services.WebApi", "Converter.Services.WebApi\Converter.Services.WebApi.csproj", "{6F5AFA2C-5B9B-4A3A-A561-BF4C1C53B3DF}"
EndProject
Project("{9A19103F-16F7-4668-BE54-9A1E7A4F7556}") = "Converter.Services.Data", "Converter.Services.Data\Converter.Services.Data.csproj", "{27577EE7-9BC0-488F-8639-C88BC019A542}"
EndProject
Project("{FAE04EC0-301F-11D3-BF4B-00C04F79EFBC}") = "Converter.Services.OpenXml", "Converter.Services.OpenXml\Converter.Services.OpenXml.csproj", "{E4E6C3CB-3484-49B1-8B7E-87D3CA36F065}"
EndProject
Global
	GlobalSection(SolutionConfigurationPlatforms) = preSolution
		Debug|Any CPU = Debug|Any CPU
		Release|Any CPU = Release|Any CPU
	EndGlobalSection
	GlobalSection(ProjectConfigurationPlatforms) = postSolution
		{6F5AFA2C-5B9B-4A3A-A561-BF4C1C53B3DF}.Debug|Any CPU.ActiveCfg = Debug|Any CPU
		{6F5AFA2C-5B9B-4A3A-A561-BF4C1C53B3DF}.Debug|Any CPU.Build.0 = Debug|Any CPU
		{6F5AFA2C-5B9B-4A3A-A561-BF4C1C53B3DF}.Release|Any CPU.ActiveCfg = Release|Any CPU
		{6F5AFA2C-5B9B-4A3A-A561-BF4C1C53B3DF}.Release|Any CPU.Build.0 = Release|Any CPU
		{27577EE7-9BC0-488F-8639-C88BC019A542}.Debug|Any CPU.ActiveCfg = Debug|Any CPU
		{27577EE7-9BC0-488F-8639-C88BC019A542}.Debug|Any CPU.Build.0 = Debug|Any CPU
		{27577EE7-9BC0-488F-8639-C88BC019A542}.Release|Any CPU.ActiveCfg = Release|Any CPU
		{27577EE7-9BC0-488F-8639-C88BC019A542}.Release|Any CPU.Build.0 = Release|Any CPU
		{E4E6C3CB-3484-49B1-8B7E-87D3CA36F065}.Debug|Any CPU.ActiveCfg = Debug|Any CPU
		{E4E6C3CB-3484-49B1-8B7E-87D3CA36F065}.Debug|Any CPU.Build.0 = Debug|Any CPU
		{E4E6C3CB-3484-49B1-8B7E-87D3CA36F065}.Release|Any CPU.ActiveCfg = Release|Any CPU
		{E4E6C3CB-3484-49B1-8B7E-87D3CA36F065}.Release|Any CPU.Build.0 = Release|Any CPU
	EndGlobalSection
	GlobalSection(SolutionProperties) = preSolution
		HideSolutionNode = FALSE
	EndGlobalSection
	GlobalSection(ExtensibilityGlobals) = postSolution
		SolutionGuid = {6EE9ED62-9930-448F-8A6E-C68EE250AC26}
	EndGlobalSection
EndGlobal
